// !$*UTF8*$!
{
	archiveVersion = 1;
	classes = {
	};
	objectVersion = 50;
	objects = {

/* Begin PBXBuildFile section */
		F3B063A222D5781D00510BB6 /* AppDelegate.swift in Sources */ = {isa = PBXBuildFile; fileRef = F3B063A122D5781D00510BB6 /* AppDelegate.swift */; };
		F3B063A422D5781D00510BB6 /* ViewController.swift in Sources */ = {isa = PBXBuildFile; fileRef = F3B063A322D5781D00510BB6 /* ViewController.swift */; };
		F3B063A722D5781D00510BB6 /* Main.storyboard in Resources */ = {isa = PBXBuildFile; fileRef = F3B063A522D5781D00510BB6 /* Main.storyboard */; };
		F3B063A922D5781E00510BB6 /* Assets.xcassets in Resources */ = {isa = PBXBuildFile; fileRef = F3B063A822D5781E00510BB6 /* Assets.xcassets */; };
		F3B063AC22D5781E00510BB6 /* LaunchScreen.storyboard in Resources */ = {isa = PBXBuildFile; fileRef = F3B063AA22D5781E00510BB6 /* LaunchScreen.storyboard */; };
		F3B063B422D57BF200510BB6 /* PlayersTableViewController.swift in Sources */ = {isa = PBXBuildFile; fileRef = F3B063B322D57BF200510BB6 /* PlayersTableViewController.swift */; };
		F3B063B622D57C1A00510BB6 /* Player.swift in Sources */ = {isa = PBXBuildFile; fileRef = F3B063B522D57C1A00510BB6 /* Player.swift */; };
		F3B063B822D57C4200510BB6 /* SampleData.swift in Sources */ = {isa = PBXBuildFile; fileRef = F3B063B722D57C4200510BB6 /* SampleData.swift */; };
		F3B063BA22D57EDB00510BB6 /* PlayerCell.swift in Sources */ = {isa = PBXBuildFile; fileRef = F3B063B922D57EDB00510BB6 /* PlayerCell.swift */; };
		F3B063BC22D5823700510BB6 /* PlayerDetailsTableViewController.swift in Sources */ = {isa = PBXBuildFile; fileRef = F3B063BB22D5823700510BB6 /* PlayerDetailsTableViewController.swift */; };
/* End PBXBuildFile section */

/* Begin PBXFileReference section */
		F3B0639E22D5781D00510BB6 /* Ratings.app */ = {isa = PBXFileReference; explicitFileType = wrapper.application; includeInIndex = 0; path = Ratings.app; sourceTree = BUILT_PRODUCTS_DIR; };
		F3B063A122D5781D00510BB6 /* AppDelegate.swift */ = {isa = PBXFileReference; lastKnownFileType = sourcecode.swift; path = AppDelegate.swift; sourceTree = "<group>"; };
		F3B063A322D5781D00510BB6 /* ViewController.swift */ = {isa = PBXFileReference; lastKnownFileType = sourcecode.swift; path = ViewController.swift; sourceTree = "<group>"; };
		F3B063A622D5781D00510BB6 /* Base */ = {isa = PBXFileReference; lastKnownFileType = file.storyboard; name = Base; path = Base.lproj/Main.storyboard; sourceTree = "<group>"; };
		F3B063A822D5781E00510BB6 /* Assets.xcassets */ = {isa = PBXFileReference; lastKnownFileType = folder.assetcatalog; path = Assets.xcassets; sourceTree = "<group>"; };
		F3B063AB22D5781E00510BB6 /* Base */ = {isa = PBXFileReference; lastKnownFileType = file.storyboard; name = Base; path = Base.lproj/LaunchScreen.storyboard; sourceTree = "<group>"; };
		F3B063AD22D5781E00510BB6 /* Info.plist */ = {isa = PBXFileReference; lastKnownFileType = text.plist.xml; path = Info.plist; sourceTree = "<group>"; };
		F3B063B322D57BF200510BB6 /* PlayersTableViewController.swift */ = {isa = PBXFileReference; lastKnownFileType = sourcecode.swift; path = PlayersTableViewController.swift; sourceTree = "<group>"; };
		F3B063B522D57C1A00510BB6 /* Player.swift */ = {isa = PBXFileReference; lastKnownFileType = sourcecode.swift; path = Player.swift; sourceTree = "<group>"; };
		F3B063B722D57C4200510BB6 /* SampleData.swift */ = {isa = PBXFileReference; lastKnownFileType = sourcecode.swift; path = SampleData.swift; sourceTree = "<group>"; };
		F3B063B922D57EDB00510BB6 /* PlayerCell.swift */ = {isa = PBXFileReference; lastKnownFileType = sourcecode.swift; path = PlayerCell.swift; sourceTree = "<group>"; };
		F3B063BB22D5823700510BB6 /* PlayerDetailsTableViewController.swift */ = {isa = PBXFileReference; lastKnownFileType = sourcecode.swift; path = PlayerDetailsTableViewController.swift; sourceTree = "<group>"; };
/* End PBXFileReference section */

/* Begin PBXFrameworksBuildPhase section */
		F3B0639B22D5781D00510BB6 /* Frameworks */ = {
			isa = PBXFrameworksBuildPhase;
			buildActionMask = 2147483647;
			files = (
			);
			runOnlyForDeploymentPostprocessing = 0;
		};
/* End PBXFrameworksBuildPhase section */

/* Begin PBXGroup section */
		F3B0639522D5781D00510BB6 = {
			isa = PBXGroup;
			children = (
				F3B063A022D5781D00510BB6 /* Ratings */,
				F3B0639F22D5781D00510BB6 /* Products */,
			);
			sourceTree = "<group>";
		};
		F3B0639F22D5781D00510BB6 /* Products */ = {
			isa = PBXGroup;
			children = (
				F3B0639E22D5781D00510BB6 /* Ratings.app */,
			);
			name = Products;
			sourceTree = "<group>";
		};
		F3B063A022D5781D00510BB6 /* Ratings */ = {
			isa = PBXGroup;
			children = (
				F3B063A122D5781D00510BB6 /* AppDelegate.swift */,
				F3B063A322D5781D00510BB6 /* ViewController.swift */,
				F3B063B322D57BF200510BB6 /* PlayersTableViewController.swift */,
				F3B063BB22D5823700510BB6 /* PlayerDetailsTableViewController.swift */,
				F3B063A522D5781D00510BB6 /* Main.storyboard */,
				F3B063B922D57EDB00510BB6 /* PlayerCell.swift */,
				F3B063B522D57C1A00510BB6 /* Player.swift */,
				F3B063B722D57C4200510BB6 /* SampleData.swift */,
				F3B063A822D5781E00510BB6 /* Assets.xcassets */,
				F3B063AA22D5781E00510BB6 /* LaunchScreen.storyboard */,
				F3B063AD22D5781E00510BB6 /* Info.plist */,
			);
			path = Ratings;
			sourceTree = "<group>";
		};
/* End PBXGroup section */

/* Begin PBXNativeTarget section */
		F3B0639D22D5781D00510BB6 /* Ratings */ = {
			isa = PBXNativeTarget;
			buildConfigurationList = F3B063B022D5781E00510BB6 /* Build configuration list for PBXNativeTarget "Ratings" */;
			buildPhases = (
				F3B0639A22D5781D00510BB6 /* Sources */,
				F3B0639B22D5781D00510BB6 /* Frameworks */,
				F3B0639C22D5781D00510BB6 /* Resources */,
			);
			buildRules = (
			);
			dependencies = (
			);
			name = Ratings;
			productName = Ratings;
			productReference = F3B0639E22D5781D00510BB6 /* Ratings.app */;
			productType = "com.apple.product-type.application";
		};
/* End PBXNativeTarget section */

/* Begin PBXProject section */
		F3B0639622D5781D00510BB6 /* Project object */ = {
			isa = PBXProject;
			attributes = {
				LastSwiftUpdateCheck = 1020;
				LastUpgradeCheck = 1020;
				ORGANIZATIONNAME = "Mykhailo Bondarenko";
				TargetAttributes = {
					F3B0639D22D5781D00510BB6 = {
						CreatedOnToolsVersion = 10.2.1;
					};
				};
			};
			buildConfigurationList = F3B0639922D5781D00510BB6 /* Build configuration list for PBXProject "Ratings" */;
			compatibilityVersion = "Xcode 9.3";
			developmentRegion = en;
			hasScannedForEncodings = 0;
			knownRegions = (
				en,
				Base,
			);
			mainGroup = F3B0639522D5781D00510BB6;
			productRefGroup = F3B0639F22D5781D00510BB6 /* Products */;
			projectDirPath = "";
			projectRoot = "";
			targets = (
				F3B0639D22D5781D00510BB6 /* Ratings */,
			);
		};
/* End PBXProject section */

/* Begin PBXResourcesBuildPhase section */
		F3B0639C22D5781D00510BB6 /* Resources */ = {
			isa = PBXResourcesBuildPhase;
			buildActionMask = 2147483647;
			files = (
				F3B063AC22D5781E00510BB6 /* LaunchScreen.storyboard in Resources */,
				F3B063A922D5781E00510BB6 /* Assets.xcassets in Resources */,
				F3B063A722D5781D00510BB6 /* Main.storyboard in Resources */,
			);
			runOnlyForDeploymentPostprocessing = 0;
		};
/* End PBXResourcesBuildPhase section */

/* Begin PBXSourcesBuildPhase section */
		F3B0639A22D5781D00510BB6 /* Sources */ = {
			isa = PBXSourcesBuildPhase;
			buildActionMask = 2147483647;
			files = (
				F3B063BA22D57EDB00510BB6 /* PlayerCell.swift in Sources */,
				F3B063B622D57C1A00510BB6 /* Player.swift in Sources */,
				F3B063A422D5781D00510BB6 /* ViewController.swift in Sources */,
				F3B063A222D5781D00510BB6 /* AppDelegate.swift in Sources */,
				F3B063B822D57C4200510BB6 /* SampleData.swift in Sources */,
				F3B063B422D57BF200510BB6 /* PlayersTableViewController.swift in Sources */,
				F3B063BC22D5823700510BB6 /* PlayerDetailsTableViewController.swift in Sources */,
			);
			runOnlyForDeploymentPostprocessing = 0;
		};
/* End PBXSourcesBuildPhase section */

/* Begin PBXVariantGroup section */
		F3B063A522D5781D00510BB6 /* Main.storyboard */ = {
			isa = PBXVariantGroup;
			children = (
				F3B063A622D5781D00510BB6 /* Base */,
			);
			name = Main.storyboard;
			sourceTree = "<group>";
		};
		F3B063AA22D5781E00510BB6 /* LaunchScreen.storyboard */ = {
			isa = PBXVariantGroup;
			children = (
				F3B063AB22D5781E00510BB6 /* Base */,
			);
			name = LaunchScreen.storyboard;
			sourceTree = "<group>";
		};
/* End PBXVariantGroup section */

/* Begin XCBuildConfiguration section */
		F3B063AE22D5781E00510BB6 /* Debug */ = {
			isa = XCBuildConfiguration;
			buildSettings = {
				ALWAYS_SEARCH_USER_PATHS = NO;
				CLANG_ANALYZER_NONNULL = YES;
				CLANG_ANALYZER_NUMBER_OBJECT_CONVERSION = YES_AGGRESSIVE;
				CLANG_CXX_LANGUAGE_STANDARD = "gnu++14";
				CLANG_CXX_LIBRARY = "libc++";
				CLANG_ENABLE_MODULES = YES;
				CLANG_ENABLE_OBJC_ARC = YES;
				CLANG_ENABLE_OBJC_WEAK = YES;
				CLANG_WARN_BLOCK_CAPTURE_AUTORELEASING = YES;
				CLANG_WARN_BOOL_CONVERSION = YES;
				CLANG_WARN_COMMA = YES;
				CLANG_WARN_CONSTANT_CONVERSION = YES;
				CLANG_WARN_DEPRECATED_OBJC_IMPLEMENTATIONS = YES;
				CLANG_WARN_DIRECT_OBJC_ISA_USAGE = YES_ERROR;
				CLANG_WARN_DOCUMENTATION_COMMENTS = YES;
				CLANG_WARN_EMPTY_BODY = YES;
				CLANG_WARN_ENUM_CONVERSION = YES;
				CLANG_WARN_INFINITE_RECURSION = YES;
				CLANG_WARN_INT_CONVERSION = YES;
				CLANG_WARN_NON_LITERAL_NULL_CONVERSION = YES;
				CLANG_WARN_OBJC_IMPLICIT_RETAIN_SELF = YES;
				CLANG_WARN_OBJC_LITERAL_CONVERSION = YES;
				CLANG_WARN_OBJC_ROOT_CLASS = YES_ERROR;
				CLANG_WARN_RANGE_LOOP_ANALYSIS = YES;
				CLANG_WARN_STRICT_PROTOTYPES = YES;
				CLANG_WARN_SUSPICIOUS_MOVE = YES;
				CLANG_WARN_UNGUARDED_AVAILABILITY = YES_AGGRESSIVE;
				CLANG_WARN_UNREACHABLE_CODE = YES;
				CLANG_WARN__DUPLICATE_METHOD_MATCH = YES;
				CODE_SIGN_IDENTITY = "iPhone Developer";
				COPY_PHASE_STRIP = NO;
				DEBUG_INFORMATION_FORMAT = dwarf;
				ENABLE_STRICT_OBJC_MSGSEND = YES;
				ENABLE_TESTABILITY = YES;
				GCC_C_LANGUAGE_STANDARD = gnu11;
				GCC_DYNAMIC_NO_PIC = NO;
				GCC_NO_COMMON_BLOCKS = YES;
				GCC_OPTIMIZATION_LEVEL = 0;
				GCC_PREPROCESSOR_DEFINITIONS = (
					"DEBUG=1",
					"$(inherited)",
				);
				GCC_WARN_64_TO_32_BIT_CONVERSION = YES;
				GCC_WARN_ABOUT_RETURN_TYPE = YES_ERROR;
				GCC_WARN_UNDECLARED_SELECTOR = YES;
				GCC_WARN_UNINITIALIZED_AUTOS = YES_AGGRESSIVE;
				GCC_WARN_UNUSED_FUNCTION = YES;
				GCC_WARN_UNUSED_VARIABLE = YES;
				IPHONEOS_DEPLOYMENT_TARGET = 12.2;
				MTL_ENABLE_DEBUG_INFO = INCLUDE_SOURCE;
				MTL_FAST_MATH = YES;
				ONLY_ACTIVE_ARCH = YES;
				SDKROOT = iphoneos;
				SWIFT_ACTIVE_COMPILATION_CONDITIONS = DEBUG;
				SWIFT_OPTIMIZATION_LEVEL = "-Onone";
			};
			name = Debug;
		};
		F3B063AF22D5781E00510BB6 /* Release */ = {
			isa = XCBuildConfiguration;
			buildSettings = {
				ALWAYS_SEARCH_USER_PATHS = NO;
				CLANG_ANALYZER_NONNULL = YES;
				CLANG_ANALYZER_NUMBER_OBJECT_CONVERSION = YES_AGGRESSIVE;
				CLANG_CXX_LANGUAGE_STANDARD = "gnu++14";
				CLANG_CXX_LIBRARY = "libc++";
				CLANG_ENABLE_MODULES = YES;
				CLANG_ENABLE_OBJC_ARC = YES;
				CLANG_ENABLE_OBJC_WEAK = YES;
				CLANG_WARN_BLOCK_CAPTURE_AUTORELEASING = YES;
				CLANG_WARN_BOOL_CONVERSION = YES;
				CLANG_WARN_COMMA = YES;
				CLANG_WARN_CONSTANT_CONVERSION = YES;
				CLANG_WARN_DEPRECATED_OBJC_IMPLEMENTATIONS = YES;
				CLANG_WARN_DIRECT_OBJC_ISA_USAGE = YES_ERROR;
				CLANG_WARN_DOCUMENTATION_COMMENTS = YES;
				CLANG_WARN_EMPTY_BODY = YES;
				CLANG_WARN_ENUM_CONVERSION = YES;
				CLANG_WARN_INFINITE_RECURSION = YES;
				CLANG_WARN_INT_CONVERSION = YES;
				CLANG_WARN_NON_LITERAL_NULL_CONVERSION = YES;
				CLANG_WARN_OBJC_IMPLICIT_RETAIN_SELF = YES;
				CLANG_WARN_OBJC_LITERAL_CONVERSION = YES;
				CLANG_WARN_OBJC_ROOT_CLASS = YES_ERROR;
				CLANG_WARN_RANGE_LOOP_ANALYSIS = YES;
				CLANG_WARN_STRICT_PROTOTYPES = YES;
				CLANG_WARN_SUSPICIOUS_MOVE = YES;
				CLANG_WARN_UNGUARDED_AVAILABILITY = YES_AGGRESSIVE;
				CLANG_WARN_UNREACHABLE_CODE = YES;
				CLANG_WARN__DUPLICATE_METHOD_MATCH = YES;
				CODE_SIGN_IDENTITY = "iPhone Developer";
				COPY_PHASE_STRIP = NO;
				DEBUG_INFORMATION_FORMAT = "dwarf-with-dsym";
				ENABLE_NS_ASSERTIONS = NO;
				ENABLE_STRICT_OBJC_MSGSEND = YES;
				GCC_C_LANGUAGE_STANDARD = gnu11;
				GCC_NO_COMMON_BLOCKS = YES;
				GCC_WARN_64_TO_32_BIT_CONVERSION = YES;
				GCC_WARN_ABOUT_RETURN_TYPE = YES_ERROR;
				GCC_WARN_UNDECLARED_SELECTOR = YES;
				GCC_WARN_UNINITIALIZED_AUTOS = YES_AGGRESSIVE;
				GCC_WARN_UNUSED_FUNCTION = YES;
				GCC_WARN_UNUSED_VARIABLE = YES;
				IPHONEOS_DEPLOYMENT_TARGET = 12.2;
				MTL_ENABLE_DEBUG_INFO = NO;
				MTL_FAST_MATH = YES;
				SDKROOT = iphoneos;
				SWIFT_COMPILATION_MODE = wholemodule;
				SWIFT_OPTIMIZATION_LEVEL = "-O";
				VALIDATE_PRODUCT = YES;
			};
			name = Release;
		};
		F3B063B122D5781E00510BB6 /* Debug */ = {
			isa = XCBuildConfiguration;
			buildSettings = {
				ASSETCATALOG_COMPILER_APPICON_NAME = AppIcon;
				CODE_SIGN_STYLE = Automatic;
				DEVELOPMENT_TEAM = GYWWW55376;
				INFOPLIST_FILE = Ratings/Info.plist;
				LD_RUNPATH_SEARCH_PATHS = (
					"$(inherited)",
					"@executable_path/Frameworks",
				);
				PRODUCT_BUNDLE_IDENTIFIER = com.mcmikius.Ratings;
				PRODUCT_NAME = "$(TARGET_NAME)";
				SWIFT_VERSION = 5.0;
				TARGETED_DEVICE_FAMILY = "1,2";
			};
			name = Debug;
		};
		F3B063B222D5781E00510BB6 /* Release */ = {
			isa = XCBuildConfiguration;
			buildSettings = {
				ASSETCATALOG_COMPILER_APPICON_NAME = AppIcon;
				CODE_SIGN_STYLE = Automatic;
				DEVELOPMENT_TEAM = GYWWW55376;
				INFOPLIST_FILE = Ratings/Info.plist;
				LD_RUNPATH_SEARCH_PATHS = (
					"$(inherited)",
					"@executable_path/Frameworks",
				);
				PRODUCT_BUNDLE_IDENTIFIER = com.mcmikius.Ratings;
				PRODUCT_NAME = "$(TARGET_NAME)";
				SWIFT_VERSION = 5.0;
				TARGETED_DEVICE_FAMILY = "1,2";
			};
			name = Release;
		};
/* End XCBuildConfiguration section */

/* Begin XCConfigurationList section */
		F3B0639922D5781D00510BB6 /* Build configuration list for PBXProject "Ratings" */ = {
			isa = XCConfigurationList;
			buildConfigurations = (
				F3B063AE22D5781E00510BB6 /* Debug */,
				F3B063AF22D5781E00510BB6 /* Release */,
			);
			defaultConfigurationIsVisible = 0;
			defaultConfigurationName = Release;
		};
		F3B063B022D5781E00510BB6 /* Build configuration list for PBXNativeTarget "Ratings" */ = {
			isa = XCConfigurationList;
			buildConfigurations = (
				F3B063B122D5781E00510BB6 /* Debug */,
				F3B063B222D5781E00510BB6 /* Release */,
			);
			defaultConfigurationIsVisible = 0;
			defaultConfigurationName = Release;
		};
/* End XCConfigurationList section */
	};
	rootObject = F3B0639622D5781D00510BB6 /* Project object */;
}
